// !$*UTF8*$!
{
	archiveVersion = 1;
	classes = {
	};
	objectVersion = 46;
	objects = {

/* Begin PBXBuildFile section */
		488186151AC94F6600923A18 /* AppDelegate.swift in Sources */ = {isa = PBXBuildFile; fileRef = 488186141AC94F6600923A18 /* AppDelegate.swift */; };
		488186181AC94F6600923A18 /* UIScrollViewForMobilite.xcdatamodeld in Sources */ = {isa = PBXBuildFile; fileRef = 488186161AC94F6600923A18 /* UIScrollViewForMobilite.xcdatamodeld */; };
		4881861D1AC94F6600923A18 /* Main.storyboard in Resources */ = {isa = PBXBuildFile; fileRef = 4881861B1AC94F6600923A18 /* Main.storyboard */; };
		4881861F1AC94F6600923A18 /* Images.xcassets in Resources */ = {isa = PBXBuildFile; fileRef = 4881861E1AC94F6600923A18 /* Images.xcassets */; };
		488186221AC94F6600923A18 /* LaunchScreen.xib in Resources */ = {isa = PBXBuildFile; fileRef = 488186201AC94F6600923A18 /* LaunchScreen.xib */; };
		4881862E1AC94F6700923A18 /* UIScrollViewForMobiliteTests.swift in Sources */ = {isa = PBXBuildFile; fileRef = 4881862D1AC94F6700923A18 /* UIScrollViewForMobiliteTests.swift */; };
/* End PBXBuildFile section */

/* Begin PBXContainerItemProxy section */
		488186281AC94F6700923A18 /* PBXContainerItemProxy */ = {
			isa = PBXContainerItemProxy;
			containerPortal = 488186071AC94F6600923A18 /* Project object */;
			proxyType = 1;
			remoteGlobalIDString = 4881860E1AC94F6600923A18;
			remoteInfo = UIScrollViewForMobilite;
		};
/* End PBXContainerItemProxy section */

/* Begin PBXFileReference section */
		4881860F1AC94F6600923A18 /* UIScrollViewForMobilite.app */ = {isa = PBXFileReference; explicitFileType = wrapper.application; includeInIndex = 0; path = UIScrollViewForMobilite.app; sourceTree = BUILT_PRODUCTS_DIR; };
		488186131AC94F6600923A18 /* Info.plist */ = {isa = PBXFileReference; lastKnownFileType = text.plist.xml; path = Info.plist; sourceTree = "<group>"; };
		488186141AC94F6600923A18 /* AppDelegate.swift */ = {isa = PBXFileReference; lastKnownFileType = sourcecode.swift; path = AppDelegate.swift; sourceTree = "<group>"; };
		488186171AC94F6600923A18 /* UIScrollViewForMobilite.xcdatamodel */ = {isa = PBXFileReference; lastKnownFileType = wrapper.xcdatamodel; path = UIScrollViewForMobilite.xcdatamodel; sourceTree = "<group>"; };
		4881861C1AC94F6600923A18 /* Base */ = {isa = PBXFileReference; lastKnownFileType = file.storyboard; name = Base; path = Base.lproj/Main.storyboard; sourceTree = "<group>"; };
		4881861E1AC94F6600923A18 /* Images.xcassets */ = {isa = PBXFileReference; lastKnownFileType = folder.assetcatalog; path = Images.xcassets; sourceTree = "<group>"; };
		488186211AC94F6600923A18 /* Base */ = {isa = PBXFileReference; lastKnownFileType = file.xib; name = Base; path = Base.lproj/LaunchScreen.xib; sourceTree = "<group>"; };
		488186271AC94F6700923A18 /* UIScrollViewForMobiliteTests.xctest */ = {isa = PBXFileReference; explicitFileType = wrapper.cfbundle; includeInIndex = 0; path = UIScrollViewForMobiliteTests.xctest; sourceTree = BUILT_PRODUCTS_DIR; };
		4881862C1AC94F6700923A18 /* Info.plist */ = {isa = PBXFileReference; lastKnownFileType = text.plist.xml; path = Info.plist; sourceTree = "<group>"; };
		4881862D1AC94F6700923A18 /* UIScrollViewForMobiliteTests.swift */ = {isa = PBXFileReference; lastKnownFileType = sourcecode.swift; path = UIScrollViewForMobiliteTests.swift; sourceTree = "<group>"; };
/* End PBXFileReference section */

/* Begin PBXFrameworksBuildPhase section */
		4881860C1AC94F6600923A18 /* Frameworks */ = {
			isa = PBXFrameworksBuildPhase;
			buildActionMask = 2147483647;
			files = (
			);
			runOnlyForDeploymentPostprocessing = 0;
		};
		488186241AC94F6700923A18 /* Frameworks */ = {
			isa = PBXFrameworksBuildPhase;
			buildActionMask = 2147483647;
			files = (
			);
			runOnlyForDeploymentPostprocessing = 0;
		};
/* End PBXFrameworksBuildPhase section */

/* Begin PBXGroup section */
		488186061AC94F6600923A18 = {
			isa = PBXGroup;
			children = (
				488186111AC94F6600923A18 /* UIScrollViewForMobilite */,
				4881862A1AC94F6700923A18 /* UIScrollViewForMobiliteTests */,
				488186101AC94F6600923A18 /* Products */,
			);
			sourceTree = "<group>";
		};
		488186101AC94F6600923A18 /* Products */ = {
			isa = PBXGroup;
			children = (
				4881860F1AC94F6600923A18 /* UIScrollViewForMobilite.app */,
				488186271AC94F6700923A18 /* UIScrollViewForMobiliteTests.xctest */,
			);
			name = Products;
			sourceTree = "<group>";
		};
		488186111AC94F6600923A18 /* UIScrollViewForMobilite */ = {
			isa = PBXGroup;
			children = (
				4881861B1AC94F6600923A18 /* Main.storyboard */,
				488186121AC94F6600923A18 /* Supporting Files */,
			);
			path = UIScrollViewForMobilite;
			sourceTree = "<group>";
		};
		488186121AC94F6600923A18 /* Supporting Files */ = {
			isa = PBXGroup;
			children = (
				488186161AC94F6600923A18 /* UIScrollViewForMobilite.xcdatamodeld */,
				488186141AC94F6600923A18 /* AppDelegate.swift */,
				4881861E1AC94F6600923A18 /* Images.xcassets */,
				488186201AC94F6600923A18 /* LaunchScreen.xib */,
				488186131AC94F6600923A18 /* Info.plist */,
			);
			name = "Supporting Files";
			sourceTree = "<group>";
		};
		4881862A1AC94F6700923A18 /* UIScrollViewForMobiliteTests */ = {
			isa = PBXGroup;
			children = (
				4881862D1AC94F6700923A18 /* UIScrollViewForMobiliteTests.swift */,
				4881862B1AC94F6700923A18 /* Supporting Files */,
			);
			path = UIScrollViewForMobiliteTests;
			sourceTree = "<group>";
		};
		4881862B1AC94F6700923A18 /* Supporting Files */ = {
			isa = PBXGroup;
			children = (
				4881862C1AC94F6700923A18 /* Info.plist */,
			);
			name = "Supporting Files";
			sourceTree = "<group>";
		};
/* End PBXGroup section */

/* Begin PBXNativeTarget section */
		4881860E1AC94F6600923A18 /* UIScrollViewForMobilite */ = {
			isa = PBXNativeTarget;
			buildConfigurationList = 488186311AC94F6700923A18 /* Build configuration list for PBXNativeTarget "UIScrollViewForMobilite" */;
			buildPhases = (
				4881860B1AC94F6600923A18 /* Sources */,
				4881860C1AC94F6600923A18 /* Frameworks */,
				4881860D1AC94F6600923A18 /* Resources */,
			);
			buildRules = (
			);
			dependencies = (
			);
			name = UIScrollViewForMobilite;
			productName = UIScrollViewForMobilite;
			productReference = 4881860F1AC94F6600923A18 /* UIScrollViewForMobilite.app */;
			productType = "com.apple.product-type.application";
		};
		488186261AC94F6700923A18 /* UIScrollViewForMobiliteTests */ = {
			isa = PBXNativeTarget;
			buildConfigurationList = 488186341AC94F6700923A18 /* Build configuration list for PBXNativeTarget "UIScrollViewForMobiliteTests" */;
			buildPhases = (
				488186231AC94F6700923A18 /* Sources */,
				488186241AC94F6700923A18 /* Frameworks */,
				488186251AC94F6700923A18 /* Resources */,
			);
			buildRules = (
			);
			dependencies = (
				488186291AC94F6700923A18 /* PBXTargetDependency */,
			);
			name = UIScrollViewForMobiliteTests;
			productName = UIScrollViewForMobiliteTests;
			productReference = 488186271AC94F6700923A18 /* UIScrollViewForMobiliteTests.xctest */;
			productType = "com.apple.product-type.bundle.unit-test";
		};
/* End PBXNativeTarget section */

/* Begin PBXProject section */
		488186071AC94F6600923A18 /* Project object */ = {
			isa = PBXProject;
			attributes = {
				LastUpgradeCheck = 0610;
				ORGANIZATIONNAME = "CSC CSC";
				TargetAttributes = {
					4881860E1AC94F6600923A18 = {
						CreatedOnToolsVersion = 6.1.1;
					};
					488186261AC94F6700923A18 = {
						CreatedOnToolsVersion = 6.1.1;
						TestTargetID = 4881860E1AC94F6600923A18;
					};
				};
			};
			buildConfigurationList = 4881860A1AC94F6600923A18 /* Build configuration list for PBXProject "UIScrollViewForMobilite" */;
			compatibilityVersion = "Xcode 3.2";
			developmentRegion = English;
			hasScannedForEncodings = 0;
			knownRegions = (
				en,
				Base,
			);
			mainGroup = 488186061AC94F6600923A18;
			productRefGroup = 488186101AC94F6600923A18 /* Products */;
			projectDirPath = "";
			projectRoot = "";
			targets = (
				4881860E1AC94F6600923A18 /* UIScrollViewForMobilite */,
				488186261AC94F6700923A18 /* UIScrollViewForMobiliteTests */,
			);
		};
/* End PBXProject section */

/* Begin PBXResourcesBuildPhase section */
		4881860D1AC94F6600923A18 /* Resources */ = {
			isa = PBXResourcesBuildPhase;
			buildActionMask = 2147483647;
			files = (
				4881861D1AC94F6600923A18 /* Main.storyboard in Resources */,
				488186221AC94F6600923A18 /* LaunchScreen.xib in Resources */,
				4881861F1AC94F6600923A18 /* Images.xcassets in Resources */,
			);
			runOnlyForDeploymentPostprocessing = 0;
		};
		488186251AC94F6700923A18 /* Resources */ = {
			isa = PBXResourcesBuildPhase;
			buildActionMask = 2147483647;
			files = (
			);
			runOnlyForDeploymentPostprocessing = 0;
		};
/* End PBXResourcesBuildPhase section */

/* Begin PBXSourcesBuildPhase section */
		4881860B1AC94F6600923A18 /* Sources */ = {
			isa = PBXSourcesBuildPhase;
			buildActionMask = 2147483647;
			files = (
				488186181AC94F6600923A18 /* UIScrollViewForMobilite.xcdatamodeld in Sources */,
				488186151AC94F6600923A18 /* AppDelegate.swift in Sources */,
			);
			runOnlyForDeploymentPostprocessing = 0;
		};
		488186231AC94F6700923A18 /* Sources */ = {
			isa = PBXSourcesBuildPhase;
			buildActionMask = 2147483647;
			files = (
				4881862E1AC94F6700923A18 /* UIScrollViewForMobiliteTests.swift in Sources */,
			);
			runOnlyForDeploymentPostprocessing = 0;
		};
/* End PBXSourcesBuildPhase section */

/* Begin PBXTargetDependency section */
		488186291AC94F6700923A18 /* PBXTargetDependency */ = {
			isa = PBXTargetDependency;
			target = 4881860E1AC94F6600923A18 /* UIScrollViewForMobilite */;
			targetProxy = 488186281AC94F6700923A18 /* PBXContainerItemProxy */;
		};
/* End PBXTargetDependency section */

/* Begin PBXVariantGroup section */
		4881861B1AC94F6600923A18 /* Main.storyboard */ = {
			isa = PBXVariantGroup;
			children = (
				4881861C1AC94F6600923A18 /* Base */,
			);
			name = Main.storyboard;
			sourceTree = "<group>";
		};
		488186201AC94F6600923A18 /* LaunchScreen.xib */ = {
			isa = PBXVariantGroup;
			children = (
				488186211AC94F6600923A18 /* Base */,
			);
			name = LaunchScreen.xib;
			sourceTree = "<group>";
		};
/* End PBXVariantGroup section */

/* Begin XCBuildConfiguration section */
		4881862F1AC94F6700923A18 /* Debug */ = {
			isa = XCBuildConfiguration;
			buildSettings = {
				ALWAYS_SEARCH_USER_PATHS = NO;
				CLANG_CXX_LANGUAGE_STANDARD = "gnu++0x";
				CLANG_CXX_LIBRARY = "libc++";
				CLANG_ENABLE_MODULES = YES;
				CLANG_ENABLE_OBJC_ARC = YES;
				CLANG_WARN_BOOL_CONVERSION = YES;
				CLANG_WARN_CONSTANT_CONVERSION = YES;
				CLANG_WARN_DIRECT_OBJC_ISA_USAGE = YES_ERROR;
				CLANG_WARN_EMPTY_BODY = YES;
				CLANG_WARN_ENUM_CONVERSION = YES;
				CLANG_WARN_INT_CONVERSION = YES;
				CLANG_WARN_OBJC_ROOT_CLASS = YES_ERROR;
				CLANG_WARN_UNREACHABLE_CODE = YES;
				CLANG_WARN__DUPLICATE_METHOD_MATCH = YES;
				"CODE_SIGN_IDENTITY[sdk=iphoneos*]" = "iPhone Developer";
				COPY_PHASE_STRIP = NO;
				ENABLE_STRICT_OBJC_MSGSEND = YES;
				GCC_C_LANGUAGE_STANDARD = gnu99;
				GCC_DYNAMIC_NO_PIC = NO;
				GCC_OPTIMIZATION_LEVEL = 0;
				GCC_PREPROCESSOR_DEFINITIONS = (
					"DEBUG=1",
					"$(inherited)",
				);
				GCC_SYMBOLS_PRIVATE_EXTERN = NO;
				GCC_WARN_64_TO_32_BIT_CONVERSION = YES;
				GCC_WARN_ABOUT_RETURN_TYPE = YES_ERROR;
				GCC_WARN_UNDECLARED_SELECTOR = YES;
				GCC_WARN_UNINITIALIZED_AUTOS = YES_AGGRESSIVE;
				GCC_WARN_UNUSED_FUNCTION = YES;
				GCC_WARN_UNUSED_VARIABLE = YES;
				IPHONEOS_DEPLOYMENT_TARGET = 8.1;
				MTL_ENABLE_DEBUG_INFO = YES;
				ONLY_ACTIVE_ARCH = YES;
				SDKROOT = iphoneos;
				SWIFT_OPTIMIZATION_LEVEL = "-Onone";
				TARGETED_DEVICE_FAMILY = 2;
			};
			name = Debug;
		};
		488186301AC94F6700923A18 /* Release */ = {
			isa = XCBuildConfiguration;
			buildSettings = {
				ALWAYS_SEARCH_USER_PATHS = NO;
				CLANG_CXX_LANGUAGE_STANDARD = "gnu++0x";
				CLANG_CXX_LIBRARY = "libc++";
				CLANG_ENABLE_MODULES = YES;
				CLANG_ENABLE_OBJC_ARC = YES;
				CLANG_WARN_BOOL_CONVERSION = YES;
				CLANG_WARN_CONSTANT_CONVERSION = YES;
				CLANG_WARN_DIRECT_OBJC_ISA_USAGE = YES_ERROR;
				CLANG_WARN_EMPTY_BODY = YES;
				CLANG_WARN_ENUM_CONVERSION = YES;
				CLANG_WARN_INT_CONVERSION = YES;
				CLANG_WARN_OBJC_ROOT_CLASS = YES_ERROR;
				CLANG_WARN_UNREACHABLE_CODE = YES;
				CLANG_WARN__DUPLICATE_METHOD_MATCH = YES;
				"CODE_SIGN_IDENTITY[sdk=iphoneos*]" = "iPhone Developer";
				COPY_PHASE_STRIP = YES;
				ENABLE_NS_ASSERTIONS = NO;
				ENABLE_STRICT_OBJC_MSGSEND = YES;
				GCC_C_LANGUAGE_STANDARD = gnu99;
				GCC_WARN_64_TO_32_BIT_CONVERSION = YES;
				GCC_WARN_ABOUT_RETURN_TYPE = YES_ERROR;
				GCC_WARN_UNDECLARED_SELECTOR = YES;
				GCC_WARN_UNINITIALIZED_AUTOS = YES_AGGRESSIVE;
				GCC_WARN_UNUSED_FUNCTION = YES;
				GCC_WARN_UNUSED_VARIABLE = YES;
				IPHONEOS_DEPLOYMENT_TARGET = 8.1;
				MTL_ENABLE_DEBUG_INFO = NO;
				SDKROOT = iphoneos;
				TARGETED_DEVICE_FAMILY = 2;
				VALIDATE_PRODUCT = YES;
			};
			name = Release;
		};
		488186321AC94F6700923A18 /* Debug */ = {
			isa = XCBuildConfiguration;
			buildSettings = {
				ASSETCATALOG_COMPILER_APPICON_NAME = AppIcon;
				INFOPLIST_FILE = UIScrollViewForMobilite/Info.plist;
				LD_RUNPATH_SEARCH_PATHS = "$(inherited) @executable_path/Frameworks";
				PRODUCT_NAME = "$(TARGET_NAME)";
			};
			name = Debug;
		};
		488186331AC94F6700923A18 /* Release */ = {
			isa = XCBuildConfiguration;
			buildSettings = {
				ASSETCATALOG_COMPILER_APPICON_NAME = AppIcon;
				INFOPLIST_FILE = UIScrollViewForMobilite/Info.plist;
				LD_RUNPATH_SEARCH_PATHS = "$(inherited) @executable_path/Frameworks";
				PRODUCT_NAME = "$(TARGET_NAME)";
			};
			name = Release;
		};
		488186351AC94F6700923A18 /* Debug */ = {
			isa = XCBuildConfiguration;
			buildSettings = {
				BUNDLE_LOADER = "$(TEST_HOST)";
				FRAMEWORK_SEARCH_PATHS = (
					"$(SDKROOT)/Developer/Library/Frameworks",
					"$(inherited)",
				);
				GCC_PREPROCESSOR_DEFINITIONS = (
					"DEBUG=1",
					"$(inherited)",
				);
				INFOPLIST_FILE = UIScrollViewForMobiliteTests/Info.plist;
				LD_RUNPATH_SEARCH_PATHS = "$(inherited) @executable_path/Frameworks @loader_path/Frameworks";
				PRODUCT_NAME = "$(TARGET_NAME)";
				TEST_HOST = "$(BUILT_PRODUCTS_DIR)/UIScrollViewForMobilite.app/UIScrollViewForMobilite";
			};
			name = Debug;
		};
		488186361AC94F6700923A18 /* Release */ = {
			isa = XCBuildConfiguration;
			buildSettings = {
				BUNDLE_LOADER = "$(TEST_HOST)";
				FRAMEWORK_SEARCH_PATHS = (
					"$(SDKROOT)/Developer/Library/Frameworks",
					"$(inherited)",
				);
				INFOPLIST_FILE = UIScrollViewForMobiliteTests/Info.plist;
				LD_RUNPATH_SEARCH_PATHS = "$(inherited) @executable_path/Frameworks @loader_path/Frameworks";
				PRODUCT_NAME = "$(TARGET_NAME)";
				TEST_HOST = "$(BUILT_PRODUCTS_DIR)/UIScrollViewForMobilite.app/UIScrollViewForMobilite";
			};
			name = Release;
		};
/* End XCBuildConfiguration section */

/* Begin XCConfigurationList section */
		4881860A1AC94F6600923A18 /* Build configuration list for PBXProject "UIScrollViewForMobilite" */ = {
			isa = XCConfigurationList;
			buildConfigurations = (
				4881862F1AC94F6700923A18 /* Debug */,
				488186301AC94F6700923A18 /* Release */,
			);
			defaultConfigurationIsVisible = 0;
			defaultConfigurationName = Release;
		};
		488186311AC94F6700923A18 /* Build configuration list for PBXNativeTarget "UIScrollViewForMobilite" */ = {
			isa = XCConfigurationList;
			buildConfigurations = (
				488186321AC94F6700923A18 /* Debug */,
				488186331AC94F6700923A18 /* Release */,
			);
			defaultConfigurationIsVisible = 0;
		};
		488186341AC94F6700923A18 /* Build configuration list for PBXNativeTarget "UIScrollViewForMobiliteTests" */ = {
			isa = XCConfigurationList;
			buildConfigurations = (
				488186351AC94F6700923A18 /* Debug */,
				488186361AC94F6700923A18 /* Release */,
			);
			defaultConfigurationIsVisible = 0;
		};
/* End XCConfigurationList section */

/* Begin XCVersionGroup section */
		488186161AC94F6600923A18 /* UIScrollViewForMobilite.xcdatamodeld */ = {
			isa = XCVersionGroup;
			children = (
				488186171AC94F6600923A18 /* UIScrollViewForMobilite.xcdatamodel */,
			);
			currentVersion = 488186171AC94F6600923A18 /* UIScrollViewForMobilite.xcdatamodel */;
			path = UIScrollViewForMobilite.xcdatamodeld;
			sourceTree = "<group>";
			versionGroupType = wrapper.xcdatamodel;
		};
/* End XCVersionGroup section */
	};
	rootObject = 488186071AC94F6600923A18 /* Project object */;
}
