// !$*UTF8*$!
{
	archiveVersion = 1;
	classes = {
	};
	objectVersion = 46;
	objects = {

/* Begin PBXBuildFile section */
		4809A8BA1ACD4F3A001FEC98 /* Vue360ViewController.swift in Sources */ = {isa = PBXBuildFile; fileRef = 4809A8B91ACD4F3A001FEC98 /* Vue360ViewController.swift */; };
		480DA2271ACBD68E00F43FA1 /* MeetingDataModel.swift in Sources */ = {isa = PBXBuildFile; fileRef = 480DA2261ACBD68E00F43FA1 /* MeetingDataModel.swift */; };
		480DA2291ACC2B7600F43FA1 /* OpportunityDataModel.swift in Sources */ = {isa = PBXBuildFile; fileRef = 480DA2281ACC2B7600F43FA1 /* OpportunityDataModel.swift */; };
		480DA22B1ACC2B8B00F43FA1 /* ContactDataModel.swift in Sources */ = {isa = PBXBuildFile; fileRef = 480DA22A1ACC2B8B00F43FA1 /* ContactDataModel.swift */; };
		480DA22D1ACC2B9800F43FA1 /* TaskDataModel.swift in Sources */ = {isa = PBXBuildFile; fileRef = 480DA22C1ACC2B9800F43FA1 /* TaskDataModel.swift */; };
		480DA22F1ACC2BA800F43FA1 /* ContractsDataModel.swift in Sources */ = {isa = PBXBuildFile; fileRef = 480DA22E1ACC2BA800F43FA1 /* ContractsDataModel.swift */; };
		480DA2311ACC2BB900F43FA1 /* AccountContactDataModel.swift in Sources */ = {isa = PBXBuildFile; fileRef = 480DA2301ACC2BB900F43FA1 /* AccountContactDataModel.swift */; };
		480DA2331ACC2BCA00F43FA1 /* OpportunitiesContactsDataModel.swift in Sources */ = {isa = PBXBuildFile; fileRef = 480DA2321ACC2BCA00F43FA1 /* OpportunitiesContactsDataModel.swift */; };
		480DA2351ACC2BDC00F43FA1 /* AccountOpportunitiesDataModel.swift in Sources */ = {isa = PBXBuildFile; fileRef = 480DA2341ACC2BDC00F43FA1 /* AccountOpportunitiesDataModel.swift */; };
		480DA2371ACC2BFC00F43FA1 /* MeetingContactDataModel.swift in Sources */ = {isa = PBXBuildFile; fileRef = 480DA2361ACC2BFC00F43FA1 /* MeetingContactDataModel.swift */; };
		480DA2391ACC2C0D00F43FA1 /* AccountContractsDataModel.swift in Sources */ = {isa = PBXBuildFile; fileRef = 480DA2381ACC2C0D00F43FA1 /* AccountContractsDataModel.swift */; };
		480DA23B1ACC2C1E00F43FA1 /* TasksAccountDataModel.swift in Sources */ = {isa = PBXBuildFile; fileRef = 480DA23A1ACC2C1E00F43FA1 /* TasksAccountDataModel.swift */; };
		480DA23D1ACC2C3A00F43FA1 /* TasksContactsDataModel.swift in Sources */ = {isa = PBXBuildFile; fileRef = 480DA23C1ACC2C3A00F43FA1 /* TasksContactsDataModel.swift */; };
		480DA23F1ACC2C5C00F43FA1 /* TasksMeetingsDataModel.swift in Sources */ = {isa = PBXBuildFile; fileRef = 480DA23E1ACC2C5C00F43FA1 /* TasksMeetingsDataModel.swift */; };
		481419D11AD58908009B38D6 /* ListMeetingsViewController.swift in Sources */ = {isa = PBXBuildFile; fileRef = 481419D01AD58908009B38D6 /* ListMeetingsViewController.swift */; };
		481419D31AD58919009B38D6 /* DetailMeetingsViewController.swift in Sources */ = {isa = PBXBuildFile; fileRef = 481419D21AD58919009B38D6 /* DetailMeetingsViewController.swift */; };
		484CDC321AE0E275001E09F8 /* LoadingIndicator.swift in Sources */ = {isa = PBXBuildFile; fileRef = 484CDC311AE0E275001E09F8 /* LoadingIndicator.swift */; };
		484CDC341AE0E7F2001E09F8 /* AddContactOfAccountViewController.swift in Sources */ = {isa = PBXBuildFile; fileRef = 484CDC331AE0E7F2001E09F8 /* AddContactOfAccountViewController.swift */; };
		485A23CA1AD6B2BF0074EDD1 /* FunctionsBeforeKnowledge.swift in Sources */ = {isa = PBXBuildFile; fileRef = 485A23C91AD6B2BF0074EDD1 /* FunctionsBeforeKnowledge.swift */; };
		485A23CC1AD6E1880074EDD1 /* MeetingsOfAccountViewController.swift in Sources */ = {isa = PBXBuildFile; fileRef = 485A23CB1AD6E1880074EDD1 /* MeetingsOfAccountViewController.swift */; };
		485A23CE1AD6EA1F0074EDD1 /* Dates.swift in Sources */ = {isa = PBXBuildFile; fileRef = 485A23CD1AD6EA1F0074EDD1 /* Dates.swift */; };
		485DE0981ADBB1E900E95DD8 /* AddMeetingWithoutDateViewController.swift in Sources */ = {isa = PBXBuildFile; fileRef = 485DE0971ADBB1E900E95DD8 /* AddMeetingWithoutDateViewController.swift */; };
		486AE4711AD81ABD00E701AF /* Constants.swift in Sources */ = {isa = PBXBuildFile; fileRef = 486AE4701AD81ABD00E701AF /* Constants.swift */; };
		488186151AC94F6600923A18 /* AppDelegate.swift in Sources */ = {isa = PBXBuildFile; fileRef = 488186141AC94F6600923A18 /* AppDelegate.swift */; };
		488186181AC94F6600923A18 /* UIScrollViewForMobilite.xcdatamodeld in Sources */ = {isa = PBXBuildFile; fileRef = 488186161AC94F6600923A18 /* UIScrollViewForMobilite.xcdatamodeld */; };
		4881861D1AC94F6600923A18 /* Main.storyboard in Resources */ = {isa = PBXBuildFile; fileRef = 4881861B1AC94F6600923A18 /* Main.storyboard */; };
		4881861F1AC94F6600923A18 /* Images.xcassets in Resources */ = {isa = PBXBuildFile; fileRef = 4881861E1AC94F6600923A18 /* Images.xcassets */; };
		488186221AC94F6600923A18 /* LaunchScreen.xib in Resources */ = {isa = PBXBuildFile; fileRef = 488186201AC94F6600923A18 /* LaunchScreen.xib */; };
		4881862E1AC94F6700923A18 /* UIScrollViewForMobiliteTests.swift in Sources */ = {isa = PBXBuildFile; fileRef = 4881862D1AC94F6700923A18 /* UIScrollViewForMobiliteTests.swift */; };
		489B31611AC9520300C04732 /* SWRevealViewController.m in Sources */ = {isa = PBXBuildFile; fileRef = 489B31601AC9520300C04732 /* SWRevealViewController.m */; };
		489B31641AC952C800C04732 /* ListAccountsViewController.swift in Sources */ = {isa = PBXBuildFile; fileRef = 489B31631AC952C800C04732 /* ListAccountsViewController.swift */; };
		489B31661AC952DB00C04732 /* DetailAccountsViewController.swift in Sources */ = {isa = PBXBuildFile; fileRef = 489B31651AC952DB00C04732 /* DetailAccountsViewController.swift */; };
		489FC9261AE01CA700C04814 /* LinkedinContactOfAccountViewController.swift in Sources */ = {isa = PBXBuildFile; fileRef = 489FC9251AE01CA700C04814 /* LinkedinContactOfAccountViewController.swift */; };
		48C22FD61ADFE5F200DE3F5F /* ContactsOfAccountViewController.swift in Sources */ = {isa = PBXBuildFile; fileRef = 48C22FD51ADFE5F200DE3F5F /* ContactsOfAccountViewController.swift */; };
		48FCB1231ACAD55500A770B2 /* DataBase.swift in Sources */ = {isa = PBXBuildFile; fileRef = 48FCB1221ACAD55500A770B2 /* DataBase.swift */; };
		48FCB1301ACAD73600A770B2 /* FMDatabase.m in Sources */ = {isa = PBXBuildFile; fileRef = 48FCB1261ACAD73600A770B2 /* FMDatabase.m */; };
		48FCB1311ACAD73600A770B2 /* FMDatabaseAdditions.m in Sources */ = {isa = PBXBuildFile; fileRef = 48FCB1281ACAD73600A770B2 /* FMDatabaseAdditions.m */; };
		48FCB1321ACAD73600A770B2 /* FMDatabasePool.m in Sources */ = {isa = PBXBuildFile; fileRef = 48FCB12A1ACAD73600A770B2 /* FMDatabasePool.m */; };
		48FCB1331ACAD73600A770B2 /* FMDatabaseQueue.m in Sources */ = {isa = PBXBuildFile; fileRef = 48FCB12C1ACAD73600A770B2 /* FMDatabaseQueue.m */; };
		48FCB1341ACAD73600A770B2 /* FMResultSet.m in Sources */ = {isa = PBXBuildFile; fileRef = 48FCB12F1ACAD73600A770B2 /* FMResultSet.m */; };
		48FCB1361ACADBAC00A770B2 /* AccountModel.swift in Sources */ = {isa = PBXBuildFile; fileRef = 48FCB1351ACADBAC00A770B2 /* AccountModel.swift */; };
		48FCB1381ACADCCD00A770B2 /* MeetingModel.swift in Sources */ = {isa = PBXBuildFile; fileRef = 48FCB1371ACADCCD00A770B2 /* MeetingModel.swift */; };
		48FCB13A1ACADE0A00A770B2 /* OpportunityModel.swift in Sources */ = {isa = PBXBuildFile; fileRef = 48FCB1391ACADE0A00A770B2 /* OpportunityModel.swift */; };
		48FCB13C1ACADED000A770B2 /* ContactModel.swift in Sources */ = {isa = PBXBuildFile; fileRef = 48FCB13B1ACADED000A770B2 /* ContactModel.swift */; };
		48FCB1401ACAE09E00A770B2 /* AccountContactModel.swift in Sources */ = {isa = PBXBuildFile; fileRef = 48FCB13F1ACAE09E00A770B2 /* AccountContactModel.swift */; };
		48FCB1421ACAE1F500A770B2 /* OpportunitiesContactsModel.swift in Sources */ = {isa = PBXBuildFile; fileRef = 48FCB1411ACAE1F500A770B2 /* OpportunitiesContactsModel.swift */; };
		48FCB1441ACAE31300A770B2 /* AccountOpportunitiesModel.swift in Sources */ = {isa = PBXBuildFile; fileRef = 48FCB1431ACAE31300A770B2 /* AccountOpportunitiesModel.swift */; };
		48FCB1461ACAE45300A770B2 /* MeetingContactModel.swift in Sources */ = {isa = PBXBuildFile; fileRef = 48FCB1451ACAE45300A770B2 /* MeetingContactModel.swift */; };
		48FCB1481ACAE50000A770B2 /* ContractsModel.swift in Sources */ = {isa = PBXBuildFile; fileRef = 48FCB1471ACAE50000A770B2 /* ContractsModel.swift */; };
		48FCB14A1ACAE5E200A770B2 /* libsqlite3.dylib in Frameworks */ = {isa = PBXBuildFile; fileRef = 48FCB1491ACAE5E200A770B2 /* libsqlite3.dylib */; };
		48FCB14C1ACAE61700A770B2 /* AccountContractsModel.swift in Sources */ = {isa = PBXBuildFile; fileRef = 48FCB14B1ACAE61700A770B2 /* AccountContractsModel.swift */; };
		48FCB14E1ACAE77C00A770B2 /* TaskModel.swift in Sources */ = {isa = PBXBuildFile; fileRef = 48FCB14D1ACAE77C00A770B2 /* TaskModel.swift */; };
		48FCB1501ACAE80300A770B2 /* TasksAccountModel.swift in Sources */ = {isa = PBXBuildFile; fileRef = 48FCB14F1ACAE80300A770B2 /* TasksAccountModel.swift */; };
		48FCB1521ACAE8DB00A770B2 /* TasksContactsModel.swift in Sources */ = {isa = PBXBuildFile; fileRef = 48FCB1511ACAE8DB00A770B2 /* TasksContactsModel.swift */; };
		48FCB1541ACAE97E00A770B2 /* TasksMeetingsModel.swift in Sources */ = {isa = PBXBuildFile; fileRef = 48FCB1531ACAE97E00A770B2 /* TasksMeetingsModel.swift */; };
		48FCB1571ACAED6A00A770B2 /* AccountDataModel.swift in Sources */ = {isa = PBXBuildFile; fileRef = 48FCB1561ACAED6A00A770B2 /* AccountDataModel.swift */; };
		48FCB1591ACAF47200A770B2 /* Bouchonnage.swift in Sources */ = {isa = PBXBuildFile; fileRef = 48FCB1581ACAF47200A770B2 /* Bouchonnage.swift */; };
/* End PBXBuildFile section */

/* Begin PBXContainerItemProxy section */
		488186281AC94F6700923A18 /* PBXContainerItemProxy */ = {
			isa = PBXContainerItemProxy;
			containerPortal = 488186071AC94F6600923A18 /* Project object */;
			proxyType = 1;
			remoteGlobalIDString = 4881860E1AC94F6600923A18;
			remoteInfo = UIScrollViewForMobilite;
		};
/* End PBXContainerItemProxy section */

/* Begin PBXFileReference section */
		4809A8B91ACD4F3A001FEC98 /* Vue360ViewController.swift */ = {isa = PBXFileReference; fileEncoding = 4; lastKnownFileType = sourcecode.swift; path = Vue360ViewController.swift; sourceTree = "<group>"; };
		480DA2261ACBD68E00F43FA1 /* MeetingDataModel.swift */ = {isa = PBXFileReference; fileEncoding = 4; lastKnownFileType = sourcecode.swift; path = MeetingDataModel.swift; sourceTree = "<group>"; };
		480DA2281ACC2B7600F43FA1 /* OpportunityDataModel.swift */ = {isa = PBXFileReference; fileEncoding = 4; lastKnownFileType = sourcecode.swift; path = OpportunityDataModel.swift; sourceTree = "<group>"; };
		480DA22A1ACC2B8B00F43FA1 /* ContactDataModel.swift */ = {isa = PBXFileReference; fileEncoding = 4; lastKnownFileType = sourcecode.swift; path = ContactDataModel.swift; sourceTree = "<group>"; };
		480DA22C1ACC2B9800F43FA1 /* TaskDataModel.swift */ = {isa = PBXFileReference; fileEncoding = 4; lastKnownFileType = sourcecode.swift; path = TaskDataModel.swift; sourceTree = "<group>"; };
		480DA22E1ACC2BA800F43FA1 /* ContractsDataModel.swift */ = {isa = PBXFileReference; fileEncoding = 4; lastKnownFileType = sourcecode.swift; path = ContractsDataModel.swift; sourceTree = "<group>"; };
		480DA2301ACC2BB900F43FA1 /* AccountContactDataModel.swift */ = {isa = PBXFileReference; fileEncoding = 4; lastKnownFileType = sourcecode.swift; path = AccountContactDataModel.swift; sourceTree = "<group>"; };
		480DA2321ACC2BCA00F43FA1 /* OpportunitiesContactsDataModel.swift */ = {isa = PBXFileReference; fileEncoding = 4; lastKnownFileType = sourcecode.swift; path = OpportunitiesContactsDataModel.swift; sourceTree = "<group>"; };
		480DA2341ACC2BDC00F43FA1 /* AccountOpportunitiesDataModel.swift */ = {isa = PBXFileReference; fileEncoding = 4; lastKnownFileType = sourcecode.swift; path = AccountOpportunitiesDataModel.swift; sourceTree = "<group>"; };
		480DA2361ACC2BFC00F43FA1 /* MeetingContactDataModel.swift */ = {isa = PBXFileReference; fileEncoding = 4; lastKnownFileType = sourcecode.swift; path = MeetingContactDataModel.swift; sourceTree = "<group>"; };
		480DA2381ACC2C0D00F43FA1 /* AccountContractsDataModel.swift */ = {isa = PBXFileReference; fileEncoding = 4; lastKnownFileType = sourcecode.swift; path = AccountContractsDataModel.swift; sourceTree = "<group>"; };
		480DA23A1ACC2C1E00F43FA1 /* TasksAccountDataModel.swift */ = {isa = PBXFileReference; fileEncoding = 4; lastKnownFileType = sourcecode.swift; path = TasksAccountDataModel.swift; sourceTree = "<group>"; };
		480DA23C1ACC2C3A00F43FA1 /* TasksContactsDataModel.swift */ = {isa = PBXFileReference; fileEncoding = 4; lastKnownFileType = sourcecode.swift; path = TasksContactsDataModel.swift; sourceTree = "<group>"; };
		480DA23E1ACC2C5C00F43FA1 /* TasksMeetingsDataModel.swift */ = {isa = PBXFileReference; fileEncoding = 4; lastKnownFileType = sourcecode.swift; path = TasksMeetingsDataModel.swift; sourceTree = "<group>"; };
		481419D01AD58908009B38D6 /* ListMeetingsViewController.swift */ = {isa = PBXFileReference; fileEncoding = 4; lastKnownFileType = sourcecode.swift; path = ListMeetingsViewController.swift; sourceTree = "<group>"; };
		481419D21AD58919009B38D6 /* DetailMeetingsViewController.swift */ = {isa = PBXFileReference; fileEncoding = 4; lastKnownFileType = sourcecode.swift; path = DetailMeetingsViewController.swift; sourceTree = "<group>"; };
		484CDC311AE0E275001E09F8 /* LoadingIndicator.swift */ = {isa = PBXFileReference; fileEncoding = 4; lastKnownFileType = sourcecode.swift; path = LoadingIndicator.swift; sourceTree = "<group>"; };
		484CDC331AE0E7F2001E09F8 /* AddContactOfAccountViewController.swift */ = {isa = PBXFileReference; fileEncoding = 4; lastKnownFileType = sourcecode.swift; path = AddContactOfAccountViewController.swift; sourceTree = "<group>"; };
		485A23C91AD6B2BF0074EDD1 /* FunctionsBeforeKnowledge.swift */ = {isa = PBXFileReference; fileEncoding = 4; lastKnownFileType = sourcecode.swift; path = FunctionsBeforeKnowledge.swift; sourceTree = "<group>"; };
		485A23CB1AD6E1880074EDD1 /* MeetingsOfAccountViewController.swift */ = {isa = PBXFileReference; fileEncoding = 4; lastKnownFileType = sourcecode.swift; path = MeetingsOfAccountViewController.swift; sourceTree = "<group>"; };
		485A23CD1AD6EA1F0074EDD1 /* Dates.swift */ = {isa = PBXFileReference; fileEncoding = 4; lastKnownFileType = sourcecode.swift; path = Dates.swift; sourceTree = "<group>"; };
		485DE0971ADBB1E900E95DD8 /* AddMeetingWithoutDateViewController.swift */ = {isa = PBXFileReference; fileEncoding = 4; lastKnownFileType = sourcecode.swift; path = AddMeetingWithoutDateViewController.swift; sourceTree = "<group>"; };
		486AE4701AD81ABD00E701AF /* Constants.swift */ = {isa = PBXFileReference; fileEncoding = 4; lastKnownFileType = sourcecode.swift; path = Constants.swift; sourceTree = "<group>"; };
		4881860F1AC94F6600923A18 /* UIScrollViewForMobilite.app */ = {isa = PBXFileReference; explicitFileType = wrapper.application; includeInIndex = 0; path = UIScrollViewForMobilite.app; sourceTree = BUILT_PRODUCTS_DIR; };
		488186131AC94F6600923A18 /* Info.plist */ = {isa = PBXFileReference; lastKnownFileType = text.plist.xml; path = Info.plist; sourceTree = "<group>"; };
		488186141AC94F6600923A18 /* AppDelegate.swift */ = {isa = PBXFileReference; lastKnownFileType = sourcecode.swift; path = AppDelegate.swift; sourceTree = "<group>"; };
		488186171AC94F6600923A18 /* UIScrollViewForMobilite.xcdatamodel */ = {isa = PBXFileReference; lastKnownFileType = wrapper.xcdatamodel; path = UIScrollViewForMobilite.xcdatamodel; sourceTree = "<group>"; };
		4881861C1AC94F6600923A18 /* Base */ = {isa = PBXFileReference; lastKnownFileType = file.storyboard; name = Base; path = Base.lproj/Main.storyboard; sourceTree = "<group>"; };
		4881861E1AC94F6600923A18 /* Images.xcassets */ = {isa = PBXFileReference; lastKnownFileType = folder.assetcatalog; path = Images.xcassets; sourceTree = "<group>"; };
		488186211AC94F6600923A18 /* Base */ = {isa = PBXFileReference; lastKnownFileType = file.xib; name = Base; path = Base.lproj/LaunchScreen.xib; sourceTree = "<group>"; };
		488186271AC94F6700923A18 /* UIScrollViewForMobiliteTests.xctest */ = {isa = PBXFileReference; explicitFileType = wrapper.cfbundle; includeInIndex = 0; path = UIScrollViewForMobiliteTests.xctest; sourceTree = BUILT_PRODUCTS_DIR; };
		4881862C1AC94F6700923A18 /* Info.plist */ = {isa = PBXFileReference; lastKnownFileType = text.plist.xml; path = Info.plist; sourceTree = "<group>"; };
		4881862D1AC94F6700923A18 /* UIScrollViewForMobiliteTests.swift */ = {isa = PBXFileReference; lastKnownFileType = sourcecode.swift; path = UIScrollViewForMobiliteTests.swift; sourceTree = "<group>"; };
		489B315F1AC9520300C04732 /* SWRevealViewController.h */ = {isa = PBXFileReference; fileEncoding = 4; lastKnownFileType = sourcecode.c.h; path = SWRevealViewController.h; sourceTree = "<group>"; };
		489B31601AC9520300C04732 /* SWRevealViewController.m */ = {isa = PBXFileReference; fileEncoding = 4; lastKnownFileType = sourcecode.c.objc; path = SWRevealViewController.m; sourceTree = "<group>"; };
		489B31621AC9526100C04732 /* UIScrollViewForMobilite-Bridging-Header.h */ = {isa = PBXFileReference; fileEncoding = 4; lastKnownFileType = sourcecode.c.h; path = "UIScrollViewForMobilite-Bridging-Header.h"; sourceTree = "<group>"; };
		489B31631AC952C800C04732 /* ListAccountsViewController.swift */ = {isa = PBXFileReference; fileEncoding = 4; lastKnownFileType = sourcecode.swift; path = ListAccountsViewController.swift; sourceTree = "<group>"; };
		489B31651AC952DB00C04732 /* DetailAccountsViewController.swift */ = {isa = PBXFileReference; fileEncoding = 4; lastKnownFileType = sourcecode.swift; path = DetailAccountsViewController.swift; sourceTree = "<group>"; };
		489FC9251AE01CA700C04814 /* LinkedinContactOfAccountViewController.swift */ = {isa = PBXFileReference; fileEncoding = 4; lastKnownFileType = sourcecode.swift; path = LinkedinContactOfAccountViewController.swift; sourceTree = "<group>"; };
		48C22FD51ADFE5F200DE3F5F /* ContactsOfAccountViewController.swift */ = {isa = PBXFileReference; fileEncoding = 4; lastKnownFileType = sourcecode.swift; path = ContactsOfAccountViewController.swift; sourceTree = "<group>"; };
		48FCB1221ACAD55500A770B2 /* DataBase.swift */ = {isa = PBXFileReference; fileEncoding = 4; lastKnownFileType = sourcecode.swift; path = DataBase.swift; sourceTree = "<group>"; };
		48FCB1251ACAD73600A770B2 /* FMDatabase.h */ = {isa = PBXFileReference; fileEncoding = 4; lastKnownFileType = sourcecode.c.h; path = FMDatabase.h; sourceTree = "<group>"; };
		48FCB1261ACAD73600A770B2 /* FMDatabase.m */ = {isa = PBXFileReference; fileEncoding = 4; lastKnownFileType = sourcecode.c.objc; path = FMDatabase.m; sourceTree = "<group>"; };
		48FCB1271ACAD73600A770B2 /* FMDatabaseAdditions.h */ = {isa = PBXFileReference; fileEncoding = 4; lastKnownFileType = sourcecode.c.h; path = FMDatabaseAdditions.h; sourceTree = "<group>"; };
		48FCB1281ACAD73600A770B2 /* FMDatabaseAdditions.m */ = {isa = PBXFileReference; fileEncoding = 4; lastKnownFileType = sourcecode.c.objc; path = FMDatabaseAdditions.m; sourceTree = "<group>"; };
		48FCB1291ACAD73600A770B2 /* FMDatabasePool.h */ = {isa = PBXFileReference; fileEncoding = 4; lastKnownFileType = sourcecode.c.h; path = FMDatabasePool.h; sourceTree = "<group>"; };
		48FCB12A1ACAD73600A770B2 /* FMDatabasePool.m */ = {isa = PBXFileReference; fileEncoding = 4; lastKnownFileType = sourcecode.c.objc; path = FMDatabasePool.m; sourceTree = "<group>"; };
		48FCB12B1ACAD73600A770B2 /* FMDatabaseQueue.h */ = {isa = PBXFileReference; fileEncoding = 4; lastKnownFileType = sourcecode.c.h; path = FMDatabaseQueue.h; sourceTree = "<group>"; };
		48FCB12C1ACAD73600A770B2 /* FMDatabaseQueue.m */ = {isa = PBXFileReference; fileEncoding = 4; lastKnownFileType = sourcecode.c.objc; path = FMDatabaseQueue.m; sourceTree = "<group>"; };
		48FCB12D1ACAD73600A770B2 /* FMDB.h */ = {isa = PBXFileReference; fileEncoding = 4; lastKnownFileType = sourcecode.c.h; path = FMDB.h; sourceTree = "<group>"; };
		48FCB12E1ACAD73600A770B2 /* FMResultSet.h */ = {isa = PBXFileReference; fileEncoding = 4; lastKnownFileType = sourcecode.c.h; path = FMResultSet.h; sourceTree = "<group>"; };
		48FCB12F1ACAD73600A770B2 /* FMResultSet.m */ = {isa = PBXFileReference; fileEncoding = 4; lastKnownFileType = sourcecode.c.objc; path = FMResultSet.m; sourceTree = "<group>"; };
		48FCB1351ACADBAC00A770B2 /* AccountModel.swift */ = {isa = PBXFileReference; fileEncoding = 4; lastKnownFileType = sourcecode.swift; path = AccountModel.swift; sourceTree = "<group>"; };
		48FCB1371ACADCCD00A770B2 /* MeetingModel.swift */ = {isa = PBXFileReference; fileEncoding = 4; lastKnownFileType = sourcecode.swift; path = MeetingModel.swift; sourceTree = "<group>"; };
		48FCB1391ACADE0A00A770B2 /* OpportunityModel.swift */ = {isa = PBXFileReference; fileEncoding = 4; lastKnownFileType = sourcecode.swift; path = OpportunityModel.swift; sourceTree = "<group>"; };
		48FCB13B1ACADED000A770B2 /* ContactModel.swift */ = {isa = PBXFileReference; fileEncoding = 4; lastKnownFileType = sourcecode.swift; path = ContactModel.swift; sourceTree = "<group>"; };
		48FCB13F1ACAE09E00A770B2 /* AccountContactModel.swift */ = {isa = PBXFileReference; fileEncoding = 4; lastKnownFileType = sourcecode.swift; path = AccountContactModel.swift; sourceTree = "<group>"; };
		48FCB1411ACAE1F500A770B2 /* OpportunitiesContactsModel.swift */ = {isa = PBXFileReference; fileEncoding = 4; lastKnownFileType = sourcecode.swift; path = OpportunitiesContactsModel.swift; sourceTree = "<group>"; };
		48FCB1431ACAE31300A770B2 /* AccountOpportunitiesModel.swift */ = {isa = PBXFileReference; fileEncoding = 4; lastKnownFileType = sourcecode.swift; path = AccountOpportunitiesModel.swift; sourceTree = "<group>"; };
		48FCB1451ACAE45300A770B2 /* MeetingContactModel.swift */ = {isa = PBXFileReference; fileEncoding = 4; lastKnownFileType = sourcecode.swift; path = MeetingContactModel.swift; sourceTree = "<group>"; };
		48FCB1471ACAE50000A770B2 /* ContractsModel.swift */ = {isa = PBXFileReference; fileEncoding = 4; lastKnownFileType = sourcecode.swift; path = ContractsModel.swift; sourceTree = "<group>"; };
		48FCB1491ACAE5E200A770B2 /* libsqlite3.dylib */ = {isa = PBXFileReference; lastKnownFileType = "compiled.mach-o.dylib"; name = libsqlite3.dylib; path = usr/lib/libsqlite3.dylib; sourceTree = SDKROOT; };
		48FCB14B1ACAE61700A770B2 /* AccountContractsModel.swift */ = {isa = PBXFileReference; fileEncoding = 4; lastKnownFileType = sourcecode.swift; path = AccountContractsModel.swift; sourceTree = "<group>"; };
		48FCB14D1ACAE77C00A770B2 /* TaskModel.swift */ = {isa = PBXFileReference; fileEncoding = 4; lastKnownFileType = sourcecode.swift; path = TaskModel.swift; sourceTree = "<group>"; };
		48FCB14F1ACAE80300A770B2 /* TasksAccountModel.swift */ = {isa = PBXFileReference; fileEncoding = 4; lastKnownFileType = sourcecode.swift; path = TasksAccountModel.swift; sourceTree = "<group>"; };
		48FCB1511ACAE8DB00A770B2 /* TasksContactsModel.swift */ = {isa = PBXFileReference; fileEncoding = 4; lastKnownFileType = sourcecode.swift; path = TasksContactsModel.swift; sourceTree = "<group>"; };
		48FCB1531ACAE97E00A770B2 /* TasksMeetingsModel.swift */ = {isa = PBXFileReference; fileEncoding = 4; lastKnownFileType = sourcecode.swift; path = TasksMeetingsModel.swift; sourceTree = "<group>"; };
		48FCB1561ACAED6A00A770B2 /* AccountDataModel.swift */ = {isa = PBXFileReference; fileEncoding = 4; lastKnownFileType = sourcecode.swift; path = AccountDataModel.swift; sourceTree = "<group>"; };
		48FCB1581ACAF47200A770B2 /* Bouchonnage.swift */ = {isa = PBXFileReference; fileEncoding = 4; lastKnownFileType = sourcecode.swift; path = Bouchonnage.swift; sourceTree = "<group>"; };
/* End PBXFileReference section */

/* Begin PBXFrameworksBuildPhase section */
		4881860C1AC94F6600923A18 /* Frameworks */ = {
			isa = PBXFrameworksBuildPhase;
			buildActionMask = 2147483647;
			files = (
				48FCB14A1ACAE5E200A770B2 /* libsqlite3.dylib in Frameworks */,
			);
			runOnlyForDeploymentPostprocessing = 0;
		};
		488186241AC94F6700923A18 /* Frameworks */ = {
			isa = PBXFrameworksBuildPhase;
			buildActionMask = 2147483647;
			files = (
			);
			runOnlyForDeploymentPostprocessing = 0;
		};
/* End PBXFrameworksBuildPhase section */

/* Begin PBXGroup section */
		481419CF1AD588D0009B38D6 /* Meetings */ = {
			isa = PBXGroup;
			children = (
				481419D01AD58908009B38D6 /* ListMeetingsViewController.swift */,
				481419D21AD58919009B38D6 /* DetailMeetingsViewController.swift */,
			);
			name = Meetings;
			sourceTree = "<group>";
		};
		484CDC301AE0E256001E09F8 /* Functionalities */ = {
			isa = PBXGroup;
			children = (
				484CDC311AE0E275001E09F8 /* LoadingIndicator.swift */,
			);
			name = Functionalities;
			sourceTree = "<group>";
		};
		485A23C81AD6B28C0074EDD1 /* FunctionsBeforeKnowledge */ = {
			isa = PBXGroup;
			children = (
				485A23CD1AD6EA1F0074EDD1 /* Dates.swift */,
				485A23C91AD6B2BF0074EDD1 /* FunctionsBeforeKnowledge.swift */,
			);
			name = FunctionsBeforeKnowledge;
			sourceTree = "<group>";
		};
		485DE0961ADBB1B300E95DD8 /* MeetingsOfAccount */ = {
			isa = PBXGroup;
			children = (
				485A23CB1AD6E1880074EDD1 /* MeetingsOfAccountViewController.swift */,
				485DE0971ADBB1E900E95DD8 /* AddMeetingWithoutDateViewController.swift */,
			);
			name = MeetingsOfAccount;
			sourceTree = "<group>";
		};
		488186061AC94F6600923A18 = {
			isa = PBXGroup;
			children = (
				48FCB1491ACAE5E200A770B2 /* libsqlite3.dylib */,
				488186111AC94F6600923A18 /* UIScrollViewForMobilite */,
				4881862A1AC94F6700923A18 /* UIScrollViewForMobiliteTests */,
				488186101AC94F6600923A18 /* Products */,
			);
			sourceTree = "<group>";
		};
		488186101AC94F6600923A18 /* Products */ = {
			isa = PBXGroup;
			children = (
				4881860F1AC94F6600923A18 /* UIScrollViewForMobilite.app */,
				488186271AC94F6700923A18 /* UIScrollViewForMobiliteTests.xctest */,
			);
			name = Products;
			sourceTree = "<group>";
		};
		488186111AC94F6600923A18 /* UIScrollViewForMobilite */ = {
			isa = PBXGroup;
			children = (
				4881861B1AC94F6600923A18 /* Main.storyboard */,
				486AE4701AD81ABD00E701AF /* Constants.swift */,
				484CDC301AE0E256001E09F8 /* Functionalities */,
				48FCB11F1ACAD52600A770B2 /* dataBase */,
				48FCB11E1ACAD50500A770B2 /* Accounts */,
				481419CF1AD588D0009B38D6 /* Meetings */,
				488186121AC94F6600923A18 /* Supporting Files */,
			);
			path = UIScrollViewForMobilite;
			sourceTree = "<group>";
		};
		488186121AC94F6600923A18 /* Supporting Files */ = {
			isa = PBXGroup;
			children = (
				48FCB1241ACAD73600A770B2 /* fmdb */,
				489B315E1AC9520300C04732 /* SWRevealViewController */,
				485A23C81AD6B28C0074EDD1 /* FunctionsBeforeKnowledge */,
				488186161AC94F6600923A18 /* UIScrollViewForMobilite.xcdatamodeld */,
				488186141AC94F6600923A18 /* AppDelegate.swift */,
				489B31621AC9526100C04732 /* UIScrollViewForMobilite-Bridging-Header.h */,
				4881861E1AC94F6600923A18 /* Images.xcassets */,
				488186201AC94F6600923A18 /* LaunchScreen.xib */,
				488186131AC94F6600923A18 /* Info.plist */,
			);
			name = "Supporting Files";
			sourceTree = "<group>";
		};
		4881862A1AC94F6700923A18 /* UIScrollViewForMobiliteTests */ = {
			isa = PBXGroup;
			children = (
				4881862D1AC94F6700923A18 /* UIScrollViewForMobiliteTests.swift */,
				4881862B1AC94F6700923A18 /* Supporting Files */,
			);
			path = UIScrollViewForMobiliteTests;
			sourceTree = "<group>";
		};
		4881862B1AC94F6700923A18 /* Supporting Files */ = {
			isa = PBXGroup;
			children = (
				4881862C1AC94F6700923A18 /* Info.plist */,
			);
			name = "Supporting Files";
			sourceTree = "<group>";
		};
		489B315E1AC9520300C04732 /* SWRevealViewController */ = {
			isa = PBXGroup;
			children = (
				489B315F1AC9520300C04732 /* SWRevealViewController.h */,
				489B31601AC9520300C04732 /* SWRevealViewController.m */,
			);
			path = SWRevealViewController;
			sourceTree = "<group>";
		};
		48C22FD41ADFE5B900DE3F5F /* ContactsOfAccount */ = {
			isa = PBXGroup;
			children = (
				48C22FD51ADFE5F200DE3F5F /* ContactsOfAccountViewController.swift */,
				489FC9251AE01CA700C04814 /* LinkedinContactOfAccountViewController.swift */,
				484CDC331AE0E7F2001E09F8 /* AddContactOfAccountViewController.swift */,
			);
			name = ContactsOfAccount;
			sourceTree = "<group>";
		};
		48ECE1CD1ACC41FC004D2003 /* Models */ = {
			isa = PBXGroup;
			children = (
				48FCB13D1ACADF6300A770B2 /* PriorityModels */,
				48FCB13E1ACAE06900A770B2 /* TransitionModels */,
			);
			name = Models;
			sourceTree = "<group>";
		};
		48ECE1CE1ACC420D004D2003 /* Principales */ = {
			isa = PBXGroup;
			children = (
				48FCB1561ACAED6A00A770B2 /* AccountDataModel.swift */,
				480DA2261ACBD68E00F43FA1 /* MeetingDataModel.swift */,
				480DA2281ACC2B7600F43FA1 /* OpportunityDataModel.swift */,
				480DA22C1ACC2B9800F43FA1 /* TaskDataModel.swift */,
				480DA22A1ACC2B8B00F43FA1 /* ContactDataModel.swift */,
				480DA22E1ACC2BA800F43FA1 /* ContractsDataModel.swift */,
			);
			name = Principales;
			sourceTree = "<group>";
		};
		48ECE1CF1ACC4217004D2003 /* secondaires */ = {
			isa = PBXGroup;
			children = (
				480DA2301ACC2BB900F43FA1 /* AccountContactDataModel.swift */,
				480DA2321ACC2BCA00F43FA1 /* OpportunitiesContactsDataModel.swift */,
				480DA2341ACC2BDC00F43FA1 /* AccountOpportunitiesDataModel.swift */,
				480DA2361ACC2BFC00F43FA1 /* MeetingContactDataModel.swift */,
				480DA2381ACC2C0D00F43FA1 /* AccountContractsDataModel.swift */,
				480DA23A1ACC2C1E00F43FA1 /* TasksAccountDataModel.swift */,
				480DA23C1ACC2C3A00F43FA1 /* TasksContactsDataModel.swift */,
				480DA23E1ACC2C5C00F43FA1 /* TasksMeetingsDataModel.swift */,
			);
			name = secondaires;
			sourceTree = "<group>";
		};
		48FCB11E1ACAD50500A770B2 /* Accounts */ = {
			isa = PBXGroup;
			children = (
				489B31631AC952C800C04732 /* ListAccountsViewController.swift */,
				489B31651AC952DB00C04732 /* DetailAccountsViewController.swift */,
				4809A8B91ACD4F3A001FEC98 /* Vue360ViewController.swift */,
				485DE0961ADBB1B300E95DD8 /* MeetingsOfAccount */,
				48C22FD41ADFE5B900DE3F5F /* ContactsOfAccount */,
			);
			name = Accounts;
			sourceTree = "<group>";
		};
		48FCB11F1ACAD52600A770B2 /* dataBase */ = {
			isa = PBXGroup;
			children = (
				48FCB1221ACAD55500A770B2 /* DataBase.swift */,
				48FCB1581ACAF47200A770B2 /* Bouchonnage.swift */,
				48ECE1CD1ACC41FC004D2003 /* Models */,
				48FCB1551ACAED3E00A770B2 /* dataSearchQueries */,
			);
			name = dataBase;
			sourceTree = "<group>";
		};
		48FCB1241ACAD73600A770B2 /* fmdb */ = {
			isa = PBXGroup;
			children = (
				48FCB1251ACAD73600A770B2 /* FMDatabase.h */,
				48FCB1261ACAD73600A770B2 /* FMDatabase.m */,
				48FCB1271ACAD73600A770B2 /* FMDatabaseAdditions.h */,
				48FCB1281ACAD73600A770B2 /* FMDatabaseAdditions.m */,
				48FCB1291ACAD73600A770B2 /* FMDatabasePool.h */,
				48FCB12A1ACAD73600A770B2 /* FMDatabasePool.m */,
				48FCB12B1ACAD73600A770B2 /* FMDatabaseQueue.h */,
				48FCB12C1ACAD73600A770B2 /* FMDatabaseQueue.m */,
				48FCB12D1ACAD73600A770B2 /* FMDB.h */,
				48FCB12E1ACAD73600A770B2 /* FMResultSet.h */,
				48FCB12F1ACAD73600A770B2 /* FMResultSet.m */,
			);
			path = fmdb;
			sourceTree = "<group>";
		};
		48FCB13D1ACADF6300A770B2 /* PriorityModels */ = {
			isa = PBXGroup;
			children = (
				48FCB1351ACADBAC00A770B2 /* AccountModel.swift */,
				48FCB1371ACADCCD00A770B2 /* MeetingModel.swift */,
				48FCB1391ACADE0A00A770B2 /* OpportunityModel.swift */,
				48FCB13B1ACADED000A770B2 /* ContactModel.swift */,
				48FCB14D1ACAE77C00A770B2 /* TaskModel.swift */,
				48FCB1471ACAE50000A770B2 /* ContractsModel.swift */,
			);
			name = PriorityModels;
			sourceTree = "<group>";
		};
		48FCB13E1ACAE06900A770B2 /* TransitionModels */ = {
			isa = PBXGroup;
			children = (
				48FCB13F1ACAE09E00A770B2 /* AccountContactModel.swift */,
				48FCB1411ACAE1F500A770B2 /* OpportunitiesContactsModel.swift */,
				48FCB1431ACAE31300A770B2 /* AccountOpportunitiesModel.swift */,
				48FCB1451ACAE45300A770B2 /* MeetingContactModel.swift */,
				48FCB14B1ACAE61700A770B2 /* AccountContractsModel.swift */,
				48FCB14F1ACAE80300A770B2 /* TasksAccountModel.swift */,
				48FCB1511ACAE8DB00A770B2 /* TasksContactsModel.swift */,
				48FCB1531ACAE97E00A770B2 /* TasksMeetingsModel.swift */,
			);
			name = TransitionModels;
			sourceTree = "<group>";
		};
		48FCB1551ACAED3E00A770B2 /* dataSearchQueries */ = {
			isa = PBXGroup;
			children = (
				48ECE1CE1ACC420D004D2003 /* Principales */,
				48ECE1CF1ACC4217004D2003 /* secondaires */,
			);
			name = dataSearchQueries;
			sourceTree = "<group>";
		};
/* End PBXGroup section */

/* Begin PBXNativeTarget section */
		4881860E1AC94F6600923A18 /* UIScrollViewForMobilite */ = {
			isa = PBXNativeTarget;
			buildConfigurationList = 488186311AC94F6700923A18 /* Build configuration list for PBXNativeTarget "UIScrollViewForMobilite" */;
			buildPhases = (
				4881860B1AC94F6600923A18 /* Sources */,
				4881860C1AC94F6600923A18 /* Frameworks */,
				4881860D1AC94F6600923A18 /* Resources */,
			);
			buildRules = (
			);
			dependencies = (
			);
			name = UIScrollViewForMobilite;
			productName = UIScrollViewForMobilite;
			productReference = 4881860F1AC94F6600923A18 /* UIScrollViewForMobilite.app */;
			productType = "com.apple.product-type.application";
		};
		488186261AC94F6700923A18 /* UIScrollViewForMobiliteTests */ = {
			isa = PBXNativeTarget;
			buildConfigurationList = 488186341AC94F6700923A18 /* Build configuration list for PBXNativeTarget "UIScrollViewForMobiliteTests" */;
			buildPhases = (
				488186231AC94F6700923A18 /* Sources */,
				488186241AC94F6700923A18 /* Frameworks */,
				488186251AC94F6700923A18 /* Resources */,
			);
			buildRules = (
			);
			dependencies = (
				488186291AC94F6700923A18 /* PBXTargetDependency */,
			);
			name = UIScrollViewForMobiliteTests;
			productName = UIScrollViewForMobiliteTests;
			productReference = 488186271AC94F6700923A18 /* UIScrollViewForMobiliteTests.xctest */;
			productType = "com.apple.product-type.bundle.unit-test";
		};
/* End PBXNativeTarget section */

/* Begin PBXProject section */
		488186071AC94F6600923A18 /* Project object */ = {
			isa = PBXProject;
			attributes = {
				LastUpgradeCheck = 0610;
				ORGANIZATIONNAME = "CSC CSC";
				TargetAttributes = {
					4881860E1AC94F6600923A18 = {
						CreatedOnToolsVersion = 6.1.1;
						DevelopmentTeam = 4K75J482AW;
						SystemCapabilities = {
							com.apple.GameCenter = {
								enabled = 0;
							};
							com.apple.OMC = {
								enabled = 0;
							};
							com.apple.Passbook = {
								enabled = 0;
							};
							com.apple.iCloud = {
								enabled = 0;
							};
						};
					};
					488186261AC94F6700923A18 = {
						CreatedOnToolsVersion = 6.1.1;
						TestTargetID = 4881860E1AC94F6600923A18;
					};
				};
			};
			buildConfigurationList = 4881860A1AC94F6600923A18 /* Build configuration list for PBXProject "UIScrollViewForMobilite" */;
			compatibilityVersion = "Xcode 3.2";
			developmentRegion = English;
			hasScannedForEncodings = 0;
			knownRegions = (
				en,
				Base,
			);
			mainGroup = 488186061AC94F6600923A18;
			productRefGroup = 488186101AC94F6600923A18 /* Products */;
			projectDirPath = "";
			projectRoot = "";
			targets = (
				4881860E1AC94F6600923A18 /* UIScrollViewForMobilite */,
				488186261AC94F6700923A18 /* UIScrollViewForMobiliteTests */,
			);
		};
/* End PBXProject section */

/* Begin PBXResourcesBuildPhase section */
		4881860D1AC94F6600923A18 /* Resources */ = {
			isa = PBXResourcesBuildPhase;
			buildActionMask = 2147483647;
			files = (
				4881861D1AC94F6600923A18 /* Main.storyboard in Resources */,
				488186221AC94F6600923A18 /* LaunchScreen.xib in Resources */,
				4881861F1AC94F6600923A18 /* Images.xcassets in Resources */,
			);
			runOnlyForDeploymentPostprocessing = 0;
		};
		488186251AC94F6700923A18 /* Resources */ = {
			isa = PBXResourcesBuildPhase;
			buildActionMask = 2147483647;
			files = (
			);
			runOnlyForDeploymentPostprocessing = 0;
		};
/* End PBXResourcesBuildPhase section */

/* Begin PBXSourcesBuildPhase section */
		4881860B1AC94F6600923A18 /* Sources */ = {
			isa = PBXSourcesBuildPhase;
			buildActionMask = 2147483647;
			files = (
				480DA2331ACC2BCA00F43FA1 /* OpportunitiesContactsDataModel.swift in Sources */,
				48FCB1571ACAED6A00A770B2 /* AccountDataModel.swift in Sources */,
				48FCB1441ACAE31300A770B2 /* AccountOpportunitiesModel.swift in Sources */,
				48FCB1591ACAF47200A770B2 /* Bouchonnage.swift in Sources */,
				48FCB1321ACAD73600A770B2 /* FMDatabasePool.m in Sources */,
				480DA22B1ACC2B8B00F43FA1 /* ContactDataModel.swift in Sources */,
				48FCB13C1ACADED000A770B2 /* ContactModel.swift in Sources */,
				481419D11AD58908009B38D6 /* ListMeetingsViewController.swift in Sources */,
				48FCB1521ACAE8DB00A770B2 /* TasksContactsModel.swift in Sources */,
				48C22FD61ADFE5F200DE3F5F /* ContactsOfAccountViewController.swift in Sources */,
				48FCB1341ACAD73600A770B2 /* FMResultSet.m in Sources */,
				48FCB13A1ACADE0A00A770B2 /* OpportunityModel.swift in Sources */,
				480DA2391ACC2C0D00F43FA1 /* AccountContractsDataModel.swift in Sources */,
				48FCB1401ACAE09E00A770B2 /* AccountContactModel.swift in Sources */,
				484CDC341AE0E7F2001E09F8 /* AddContactOfAccountViewController.swift in Sources */,
				485A23CE1AD6EA1F0074EDD1 /* Dates.swift in Sources */,
				4809A8BA1ACD4F3A001FEC98 /* Vue360ViewController.swift in Sources */,
				48FCB1421ACAE1F500A770B2 /* OpportunitiesContactsModel.swift in Sources */,
				480DA2351ACC2BDC00F43FA1 /* AccountOpportunitiesDataModel.swift in Sources */,
				480DA2271ACBD68E00F43FA1 /* MeetingDataModel.swift in Sources */,
				480DA23F1ACC2C5C00F43FA1 /* TasksMeetingsDataModel.swift in Sources */,
				48FCB1541ACAE97E00A770B2 /* TasksMeetingsModel.swift in Sources */,
				489B31661AC952DB00C04732 /* DetailAccountsViewController.swift in Sources */,
				48FCB1331ACAD73600A770B2 /* FMDatabaseQueue.m in Sources */,
				48FCB1301ACAD73600A770B2 /* FMDatabase.m in Sources */,
				486AE4711AD81ABD00E701AF /* Constants.swift in Sources */,
				489FC9261AE01CA700C04814 /* LinkedinContactOfAccountViewController.swift in Sources */,
				480DA22D1ACC2B9800F43FA1 /* TaskDataModel.swift in Sources */,
				48FCB1501ACAE80300A770B2 /* TasksAccountModel.swift in Sources */,
				480DA23D1ACC2C3A00F43FA1 /* TasksContactsDataModel.swift in Sources */,
				48FCB1381ACADCCD00A770B2 /* MeetingModel.swift in Sources */,
				489B31641AC952C800C04732 /* ListAccountsViewController.swift in Sources */,
				48FCB1231ACAD55500A770B2 /* DataBase.swift in Sources */,
				485A23CC1AD6E1880074EDD1 /* MeetingsOfAccountViewController.swift in Sources */,
				488186181AC94F6600923A18 /* UIScrollViewForMobilite.xcdatamodeld in Sources */,
				48FCB1361ACADBAC00A770B2 /* AccountModel.swift in Sources */,
				48FCB14E1ACAE77C00A770B2 /* TaskModel.swift in Sources */,
				48FCB1311ACAD73600A770B2 /* FMDatabaseAdditions.m in Sources */,
				485DE0981ADBB1E900E95DD8 /* AddMeetingWithoutDateViewController.swift in Sources */,
				481419D31AD58919009B38D6 /* DetailMeetingsViewController.swift in Sources */,
				48FCB1481ACAE50000A770B2 /* ContractsModel.swift in Sources */,
				480DA2311ACC2BB900F43FA1 /* AccountContactDataModel.swift in Sources */,
				488186151AC94F6600923A18 /* AppDelegate.swift in Sources */,
				480DA2371ACC2BFC00F43FA1 /* MeetingContactDataModel.swift in Sources */,
				484CDC321AE0E275001E09F8 /* LoadingIndicator.swift in Sources */,
				480DA23B1ACC2C1E00F43FA1 /* TasksAccountDataModel.swift in Sources */,
				48FCB14C1ACAE61700A770B2 /* AccountContractsModel.swift in Sources */,
				485A23CA1AD6B2BF0074EDD1 /* FunctionsBeforeKnowledge.swift in Sources */,
				480DA22F1ACC2BA800F43FA1 /* ContractsDataModel.swift in Sources */,
				480DA2291ACC2B7600F43FA1 /* OpportunityDataModel.swift in Sources */,
				48FCB1461ACAE45300A770B2 /* MeetingContactModel.swift in Sources */,
				489B31611AC9520300C04732 /* SWRevealViewController.m in Sources */,
			);
			runOnlyForDeploymentPostprocessing = 0;
		};
		488186231AC94F6700923A18 /* Sources */ = {
			isa = PBXSourcesBuildPhase;
			buildActionMask = 2147483647;
			files = (
				4881862E1AC94F6700923A18 /* UIScrollViewForMobiliteTests.swift in Sources */,
			);
			runOnlyForDeploymentPostprocessing = 0;
		};
/* End PBXSourcesBuildPhase section */

/* Begin PBXTargetDependency section */
		488186291AC94F6700923A18 /* PBXTargetDependency */ = {
			isa = PBXTargetDependency;
			target = 4881860E1AC94F6600923A18 /* UIScrollViewForMobilite */;
			targetProxy = 488186281AC94F6700923A18 /* PBXContainerItemProxy */;
		};
/* End PBXTargetDependency section */

/* Begin PBXVariantGroup section */
		4881861B1AC94F6600923A18 /* Main.storyboard */ = {
			isa = PBXVariantGroup;
			children = (
				4881861C1AC94F6600923A18 /* Base */,
			);
			name = Main.storyboard;
			sourceTree = "<group>";
		};
		488186201AC94F6600923A18 /* LaunchScreen.xib */ = {
			isa = PBXVariantGroup;
			children = (
				488186211AC94F6600923A18 /* Base */,
			);
			name = LaunchScreen.xib;
			sourceTree = "<group>";
		};
/* End PBXVariantGroup section */

/* Begin XCBuildConfiguration section */
		4881862F1AC94F6700923A18 /* Debug */ = {
			isa = XCBuildConfiguration;
			buildSettings = {
				ALWAYS_SEARCH_USER_PATHS = NO;
				CLANG_CXX_LANGUAGE_STANDARD = "gnu++0x";
				CLANG_CXX_LIBRARY = "libc++";
				CLANG_ENABLE_MODULES = YES;
				CLANG_ENABLE_OBJC_ARC = YES;
				CLANG_WARN_BOOL_CONVERSION = YES;
				CLANG_WARN_CONSTANT_CONVERSION = YES;
				CLANG_WARN_DIRECT_OBJC_ISA_USAGE = YES_ERROR;
				CLANG_WARN_EMPTY_BODY = YES;
				CLANG_WARN_ENUM_CONVERSION = YES;
				CLANG_WARN_INT_CONVERSION = YES;
				CLANG_WARN_OBJC_ROOT_CLASS = YES_ERROR;
				CLANG_WARN_UNREACHABLE_CODE = YES;
				CLANG_WARN__DUPLICATE_METHOD_MATCH = YES;
				"CODE_SIGN_IDENTITY[sdk=iphoneos*]" = "iPhone Developer";
				COPY_PHASE_STRIP = NO;
				ENABLE_STRICT_OBJC_MSGSEND = YES;
				GCC_C_LANGUAGE_STANDARD = gnu99;
				GCC_DYNAMIC_NO_PIC = NO;
				GCC_OPTIMIZATION_LEVEL = 0;
				GCC_PREPROCESSOR_DEFINITIONS = (
					"DEBUG=1",
					"$(inherited)",
				);
				GCC_SYMBOLS_PRIVATE_EXTERN = NO;
				GCC_WARN_64_TO_32_BIT_CONVERSION = YES;
				GCC_WARN_ABOUT_RETURN_TYPE = YES_ERROR;
				GCC_WARN_UNDECLARED_SELECTOR = YES;
				GCC_WARN_UNINITIALIZED_AUTOS = YES_AGGRESSIVE;
				GCC_WARN_UNUSED_FUNCTION = YES;
				GCC_WARN_UNUSED_VARIABLE = YES;
				IPHONEOS_DEPLOYMENT_TARGET = 8.1;
				MTL_ENABLE_DEBUG_INFO = YES;
				ONLY_ACTIVE_ARCH = YES;
				SDKROOT = iphoneos;
				SWIFT_OPTIMIZATION_LEVEL = "-Onone";
				TARGETED_DEVICE_FAMILY = 2;
			};
			name = Debug;
		};
		488186301AC94F6700923A18 /* Release */ = {
			isa = XCBuildConfiguration;
			buildSettings = {
				ALWAYS_SEARCH_USER_PATHS = NO;
				CLANG_CXX_LANGUAGE_STANDARD = "gnu++0x";
				CLANG_CXX_LIBRARY = "libc++";
				CLANG_ENABLE_MODULES = YES;
				CLANG_ENABLE_OBJC_ARC = YES;
				CLANG_WARN_BOOL_CONVERSION = YES;
				CLANG_WARN_CONSTANT_CONVERSION = YES;
				CLANG_WARN_DIRECT_OBJC_ISA_USAGE = YES_ERROR;
				CLANG_WARN_EMPTY_BODY = YES;
				CLANG_WARN_ENUM_CONVERSION = YES;
				CLANG_WARN_INT_CONVERSION = YES;
				CLANG_WARN_OBJC_ROOT_CLASS = YES_ERROR;
				CLANG_WARN_UNREACHABLE_CODE = YES;
				CLANG_WARN__DUPLICATE_METHOD_MATCH = YES;
				"CODE_SIGN_IDENTITY[sdk=iphoneos*]" = "iPhone Developer";
				COPY_PHASE_STRIP = YES;
				ENABLE_NS_ASSERTIONS = NO;
				ENABLE_STRICT_OBJC_MSGSEND = YES;
				GCC_C_LANGUAGE_STANDARD = gnu99;
				GCC_WARN_64_TO_32_BIT_CONVERSION = YES;
				GCC_WARN_ABOUT_RETURN_TYPE = YES_ERROR;
				GCC_WARN_UNDECLARED_SELECTOR = YES;
				GCC_WARN_UNINITIALIZED_AUTOS = YES_AGGRESSIVE;
				GCC_WARN_UNUSED_FUNCTION = YES;
				GCC_WARN_UNUSED_VARIABLE = YES;
				IPHONEOS_DEPLOYMENT_TARGET = 8.1;
				MTL_ENABLE_DEBUG_INFO = NO;
				SDKROOT = iphoneos;
				TARGETED_DEVICE_FAMILY = 2;
				VALIDATE_PRODUCT = YES;
			};
			name = Release;
		};
		488186321AC94F6700923A18 /* Debug */ = {
			isa = XCBuildConfiguration;
			buildSettings = {
				ASSETCATALOG_COMPILER_APPICON_NAME = AppIcon;
				CODE_SIGN_ENTITLEMENTS = "";
				CODE_SIGN_IDENTITY = "iPhone Developer";
				"CODE_SIGN_IDENTITY[sdk=iphoneos*]" = "iPhone Developer";
				INFOPLIST_FILE = UIScrollViewForMobilite/Info.plist;
				LD_RUNPATH_SEARCH_PATHS = "$(inherited) @executable_path/Frameworks";
				PRODUCT_NAME = "$(TARGET_NAME)";
				PROVISIONING_PROFILE = "";
				SWIFT_OBJC_BRIDGING_HEADER = "UIScrollViewForMobilite/UIScrollViewForMobilite-Bridging-Header.h";
			};
			name = Debug;
		};
		488186331AC94F6700923A18 /* Release */ = {
			isa = XCBuildConfiguration;
			buildSettings = {
				ASSETCATALOG_COMPILER_APPICON_NAME = AppIcon;
				CODE_SIGN_ENTITLEMENTS = "";
				CODE_SIGN_IDENTITY = "iPhone Developer";
				"CODE_SIGN_IDENTITY[sdk=iphoneos*]" = "iPhone Developer";
				INFOPLIST_FILE = UIScrollViewForMobilite/Info.plist;
				LD_RUNPATH_SEARCH_PATHS = "$(inherited) @executable_path/Frameworks";
				PRODUCT_NAME = "$(TARGET_NAME)";
				PROVISIONING_PROFILE = "";
				SWIFT_OBJC_BRIDGING_HEADER = "UIScrollViewForMobilite/UIScrollViewForMobilite-Bridging-Header.h";
			};
			name = Release;
		};
		488186351AC94F6700923A18 /* Debug */ = {
			isa = XCBuildConfiguration;
			buildSettings = {
				BUNDLE_LOADER = "$(TEST_HOST)";
				FRAMEWORK_SEARCH_PATHS = (
					"$(SDKROOT)/Developer/Library/Frameworks",
					"$(inherited)",
				);
				GCC_PREPROCESSOR_DEFINITIONS = (
					"DEBUG=1",
					"$(inherited)",
				);
				INFOPLIST_FILE = UIScrollViewForMobiliteTests/Info.plist;
				LD_RUNPATH_SEARCH_PATHS = "$(inherited) @executable_path/Frameworks @loader_path/Frameworks";
				PRODUCT_NAME = "$(TARGET_NAME)";
				TEST_HOST = "$(BUILT_PRODUCTS_DIR)/UIScrollViewForMobilite.app/UIScrollViewForMobilite";
			};
			name = Debug;
		};
		488186361AC94F6700923A18 /* Release */ = {
			isa = XCBuildConfiguration;
			buildSettings = {
				BUNDLE_LOADER = "$(TEST_HOST)";
				FRAMEWORK_SEARCH_PATHS = (
					"$(SDKROOT)/Developer/Library/Frameworks",
					"$(inherited)",
				);
				INFOPLIST_FILE = UIScrollViewForMobiliteTests/Info.plist;
				LD_RUNPATH_SEARCH_PATHS = "$(inherited) @executable_path/Frameworks @loader_path/Frameworks";
				PRODUCT_NAME = "$(TARGET_NAME)";
				TEST_HOST = "$(BUILT_PRODUCTS_DIR)/UIScrollViewForMobilite.app/UIScrollViewForMobilite";
			};
			name = Release;
		};
/* End XCBuildConfiguration section */

/* Begin XCConfigurationList section */
		4881860A1AC94F6600923A18 /* Build configuration list for PBXProject "UIScrollViewForMobilite" */ = {
			isa = XCConfigurationList;
			buildConfigurations = (
				4881862F1AC94F6700923A18 /* Debug */,
				488186301AC94F6700923A18 /* Release */,
			);
			defaultConfigurationIsVisible = 0;
			defaultConfigurationName = Release;
		};
		488186311AC94F6700923A18 /* Build configuration list for PBXNativeTarget "UIScrollViewForMobilite" */ = {
			isa = XCConfigurationList;
			buildConfigurations = (
				488186321AC94F6700923A18 /* Debug */,
				488186331AC94F6700923A18 /* Release */,
			);
			defaultConfigurationIsVisible = 0;
			defaultConfigurationName = Release;
		};
		488186341AC94F6700923A18 /* Build configuration list for PBXNativeTarget "UIScrollViewForMobiliteTests" */ = {
			isa = XCConfigurationList;
			buildConfigurations = (
				488186351AC94F6700923A18 /* Debug */,
				488186361AC94F6700923A18 /* Release */,
			);
			defaultConfigurationIsVisible = 0;
			defaultConfigurationName = Release;
		};
/* End XCConfigurationList section */

/* Begin XCVersionGroup section */
		488186161AC94F6600923A18 /* UIScrollViewForMobilite.xcdatamodeld */ = {
			isa = XCVersionGroup;
			children = (
				488186171AC94F6600923A18 /* UIScrollViewForMobilite.xcdatamodel */,
			);
			currentVersion = 488186171AC94F6600923A18 /* UIScrollViewForMobilite.xcdatamodel */;
			path = UIScrollViewForMobilite.xcdatamodeld;
			sourceTree = "<group>";
			versionGroupType = wrapper.xcdatamodel;
		};
/* End XCVersionGroup section */
	};
	rootObject = 488186071AC94F6600923A18 /* Project object */;
}
